
Microsoft Visual Studio Solution File, Format Version 12.00
# Visual Studio 2012
Project("{F184B08F-C81C-45F6-A57F-5ABD9991F28F}") = "SISTEMA FARMACIA", "AVANCE\SISTEMA FARMACIA.vbproj", "{6316AD31-8223-4C73-A6E4-5EB05B3B3226}"
EndProject
Global
	GlobalSection(SolutionConfigurationPlatforms) = preSolution
		Debug|Any CPU = Debug|Any CPU
		Release|Any CPU = Release|Any CPU
	EndGlobalSection
	GlobalSection(ProjectConfigurationPlatforms) = postSolution
		{6316AD31-8223-4C73-A6E4-5EB05B3B3226}.Debug|Any CPU.ActiveCfg = Debug|Any CPU
		{6316AD31-8223-4C73-A6E4-5EB05B3B3226}.Debug|Any CPU.Build.0 = Debug|Any CPU
		{6316AD31-8223-4C73-A6E4-5EB05B3B3226}.Release|Any CPU.ActiveCfg = Release|Any CPU
		{6316AD31-8223-4C73-A6E4-5EB05B3B3226}.Release|Any CPU.Build.0 = Release|Any CPU
	EndGlobalSection
	GlobalSection(SolutionProperties) = preSolution
		HideSolutionNode = FALSE
	EndGlobalSection
EndGlobal
